
Microsoft Visual Studio Solution File, Format Version 12.00
# Visual Studio Version 16
VisualStudioVersion = 16.0.34031.81
MinimumVisualStudioVersion = 10.0.40219.1
Project("{888888A0-9F3D-457C-B088-3A5042F75D52}") = "text adventure games", "text adventure games\text adventure games.pyproj", "{2C30ED5F-CF12-4691-A373-FF2A011344C9}"
EndProject
Global
	GlobalSection(SolutionConfigurationPlatforms) = preSolution
		Debug|Any CPU = Debug|Any CPU
		Release|Any CPU = Release|Any CPU
	EndGlobalSection
	GlobalSection(ProjectConfigurationPlatforms) = postSolution
		{2C30ED5F-CF12-4691-A373-FF2A011344C9}.Debug|Any CPU.ActiveCfg = Debug|Any CPU
		{2C30ED5F-CF12-4691-A373-FF2A011344C9}.Release|Any CPU.ActiveCfg = Release|Any CPU
	EndGlobalSection
	GlobalSection(SolutionProperties) = preSolution
		HideSolutionNode = FALSE
	EndGlobalSection
	GlobalSection(ExtensibilityGlobals) = postSolution
		SolutionGuid = {690991FE-C815-413B-932C-4DDF17D24759}
	EndGlobalSection
EndGlobal
